
Microsoft Visual Studio Solution File, Format Version 12.00
# Visual Studio Version 16
VisualStudioVersion = 16.0.31410.357
MinimumVisualStudioVersion = 10.0.40219.1
Project("{FAE04EC0-301F-11D3-BF4B-00C04F79EFBC}") = "EditorGfd", "EditorGfd\EditorGfd.csproj", "{B3AF7B4A-BB4C-46A8-8B15-3E6D28D9E2AE}"
EndProject
Global
	GlobalSection(SolutionConfigurationPlatforms) = preSolution
		Debug|Any CPU = Debug|Any CPU
		Release|Any CPU = Release|Any CPU
	EndGlobalSection
	GlobalSection(ProjectConfigurationPlatforms) = postSolution
		{B3AF7B4A-BB4C-46A8-8B15-3E6D28D9E2AE}.Debug|Any CPU.ActiveCfg = Debug|Any CPU
		{B3AF7B4A-BB4C-46A8-8B15-3E6D28D9E2AE}.Debug|Any CPU.Build.0 = Debug|Any CPU
		{B3AF7B4A-BB4C-46A8-8B15-3E6D28D9E2AE}.Release|Any CPU.ActiveCfg = Release|Any CPU
		{B3AF7B4A-BB4C-46A8-8B15-3E6D28D9E2AE}.Release|Any CPU.Build.0 = Release|Any CPU
	EndGlobalSection
	GlobalSection(SolutionProperties) = preSolution
		HideSolutionNode = FALSE
	EndGlobalSection
	GlobalSection(ExtensibilityGlobals) = postSolution
		SolutionGuid = {6183A105-15E5-4660-991A-635D25FB185C}
	EndGlobalSection
EndGlobal
